
Microsoft Visual Studio Solution File, Format Version 12.00
# Visual Studio Version 17
VisualStudioVersion = 17.5.33424.131
MinimumVisualStudioVersion = 10.0.40219.1
Project("{FAE04EC0-301F-11D3-BF4B-00C04F79EFBC}") = "QuickDeveloper", "QuickDeveloper\QuickDeveloper.csproj", "{9C92C76D-48D8-4303-99AF-A08E3857B398}"
EndProject
Global
	GlobalSection(SolutionConfigurationPlatforms) = preSolution
		Debug|Any CPU = Debug|Any CPU
		Release|Any CPU = Release|Any CPU
	EndGlobalSection
	GlobalSection(ProjectConfigurationPlatforms) = postSolution
		{9C92C76D-48D8-4303-99AF-A08E3857B398}.Debug|Any CPU.ActiveCfg = Debug|Any CPU
		{9C92C76D-48D8-4303-99AF-A08E3857B398}.Debug|Any CPU.Build.0 = Debug|Any CPU
		{9C92C76D-48D8-4303-99AF-A08E3857B398}.Release|Any CPU.ActiveCfg = Release|Any CPU
		{9C92C76D-48D8-4303-99AF-A08E3857B398}.Release|Any CPU.Build.0 = Release|Any CPU
	EndGlobalSection
	GlobalSection(SolutionProperties) = preSolution
		HideSolutionNode = FALSE
	EndGlobalSection
	GlobalSection(ExtensibilityGlobals) = postSolution
		SolutionGuid = {E97B0441-D8D8-4E0F-8BE2-62564B590407}
	EndGlobalSection
EndGlobal
