
Microsoft Visual Studio Solution File, Format Version 12.00
# Visual Studio Version 17
VisualStudioVersion = 17.5.33414.496
MinimumVisualStudioVersion = 10.0.40219.1
Project("{9A19103F-16F7-4668-BE54-9A1E7A4F7556}") = "ChatGptAPI", "ChatGptAPI\ChatGptAPI.csproj", "{4BC5AFAA-3DC1-4656-9A32-52C7A9D76342}"
EndProject
Project("{2150E333-8FDC-42A3-9474-1A3956D46DE8}") = "01 - API", "01 - API", "{52B38FCD-F646-491F-B2A6-EF852DFE5458}"
EndProject
Project("{2150E333-8FDC-42A3-9474-1A3956D46DE8}") = "02 - Services", "02 - Services", "{2BAA4F51-8D78-4FB2-8D8A-60454F4F05C1}"
EndProject
Project("{9A19103F-16F7-4668-BE54-9A1E7A4F7556}") = "ChatGptServices", "ChatGptServices\ChatGptServices.csproj", "{DFA1C0ED-B94C-4F1D-8568-B373A575594E}"
EndProject
Global
	GlobalSection(SolutionConfigurationPlatforms) = preSolution
		Debug|Any CPU = Debug|Any CPU
		Release|Any CPU = Release|Any CPU
	EndGlobalSection
	GlobalSection(ProjectConfigurationPlatforms) = postSolution
		{4BC5AFAA-3DC1-4656-9A32-52C7A9D76342}.Debug|Any CPU.ActiveCfg = Debug|Any CPU
		{4BC5AFAA-3DC1-4656-9A32-52C7A9D76342}.Debug|Any CPU.Build.0 = Debug|Any CPU
		{4BC5AFAA-3DC1-4656-9A32-52C7A9D76342}.Release|Any CPU.ActiveCfg = Release|Any CPU
		{4BC5AFAA-3DC1-4656-9A32-52C7A9D76342}.Release|Any CPU.Build.0 = Release|Any CPU
		{DFA1C0ED-B94C-4F1D-8568-B373A575594E}.Debug|Any CPU.ActiveCfg = Debug|Any CPU
		{DFA1C0ED-B94C-4F1D-8568-B373A575594E}.Debug|Any CPU.Build.0 = Debug|Any CPU
		{DFA1C0ED-B94C-4F1D-8568-B373A575594E}.Release|Any CPU.ActiveCfg = Release|Any CPU
		{DFA1C0ED-B94C-4F1D-8568-B373A575594E}.Release|Any CPU.Build.0 = Release|Any CPU
	EndGlobalSection
	GlobalSection(SolutionProperties) = preSolution
		HideSolutionNode = FALSE
	EndGlobalSection
	GlobalSection(NestedProjects) = preSolution
		{4BC5AFAA-3DC1-4656-9A32-52C7A9D76342} = {52B38FCD-F646-491F-B2A6-EF852DFE5458}
		{DFA1C0ED-B94C-4F1D-8568-B373A575594E} = {2BAA4F51-8D78-4FB2-8D8A-60454F4F05C1}
	EndGlobalSection
	GlobalSection(ExtensibilityGlobals) = postSolution
		SolutionGuid = {157AB696-9FE6-4A82-BD98-D8CBDAF39ECE}
	EndGlobalSection
EndGlobal
